
Microsoft Visual Studio Solution File, Format Version 12.00
# Visual Studio Version 17
VisualStudioVersion = 17.8.34408.163
MinimumVisualStudioVersion = 10.0.40219.1
Project("{FAE04EC0-301F-11D3-BF4B-00C04F79EFBC}") = "UserMicroservice", "UserMicroservice.csproj", "{02F094FD-A204-481B-9900-29ACA22C22AA}"
EndProject
Global
	GlobalSection(SolutionConfigurationPlatforms) = preSolution
		Debug|Any CPU = Debug|Any CPU
		Release|Any CPU = Release|Any CPU
	EndGlobalSection
	GlobalSection(ProjectConfigurationPlatforms) = postSolution
		{02F094FD-A204-481B-9900-29ACA22C22AA}.Debug|Any CPU.ActiveCfg = Debug|Any CPU
		{02F094FD-A204-481B-9900-29ACA22C22AA}.Debug|Any CPU.Build.0 = Debug|Any CPU
		{02F094FD-A204-481B-9900-29ACA22C22AA}.Release|Any CPU.ActiveCfg = Release|Any CPU
		{02F094FD-A204-481B-9900-29ACA22C22AA}.Release|Any CPU.Build.0 = Release|Any CPU
	EndGlobalSection
	GlobalSection(SolutionProperties) = preSolution
		HideSolutionNode = FALSE
	EndGlobalSection
	GlobalSection(ExtensibilityGlobals) = postSolution
		SolutionGuid = {4E709136-0ABD-43E1-8390-57A0C7367449}
	EndGlobalSection
EndGlobal
